
Microsoft Visual Studio Solution File, Format Version 12.00
Project("{FAE04EC0-301F-11D3-BF4B-00C04F79EFBC}") = "SibGAU.Blogs.Web", "SibGAU.Blogs.Web\SibGAU.Blogs.Web.csproj", "{4919398A-7BF6-41D9-950C-5747E35CA4A0}"
EndProject
Project("{FAE04EC0-301F-11D3-BF4B-00C04F79EFBC}") = "SibGAU.Blogs.Domain", "SibGAU.Blogs.Domain\SibGAU.Blogs.Domain.csproj", "{EDE8412C-DE87-4473-9049-48B75D7BDA7F}"
EndProject
Project("{FAE04EC0-301F-11D3-BF4B-00C04F79EFBC}") = "SibGAU.Blogs.Infrastructure.Abstractions", "SibGAU.Blogs.Infrastructure.Abstractions\SibGAU.Blogs.Infrastructure.Abstractions.csproj", "{8473219F-6403-4A05-B9A2-5D7A52385C61}"
EndProject
Project("{FAE04EC0-301F-11D3-BF4B-00C04F79EFBC}") = "SibGAU.Blogs.Infrastructure.DataAccess", "SibGAU.Blogs.Infrastructure.DataAccess\SibGAU.Blogs.Infrastructure.DataAccess.csproj", "{2CE3CB77-CBA7-4C2D-9F6D-E2CB647E2008}"
EndProject
Project("{FAE04EC0-301F-11D3-BF4B-00C04F79EFBC}") = "SibGAU.Blogs.UseCases", "SibGAU.Blogs.UseCases\SibGAU.Blogs.UseCases.csproj", "{B6AD4096-BC60-4DF7-9CC0-783F57608D88}"
EndProject
Project("{FAE04EC0-301F-11D3-BF4B-00C04F79EFBC}") = "SibGAU.Blogs.UseCases.Common", "SibGAU.Blogs.UseCases.Common\SibGAU.Blogs.UseCases.Common.csproj", "{CD22F4E8-1386-4E7D-B05A-01BEFE7775EF}"
EndProject
Global
	GlobalSection(SolutionConfigurationPlatforms) = preSolution
		Debug|Any CPU = Debug|Any CPU
		Release|Any CPU = Release|Any CPU
	EndGlobalSection
	GlobalSection(ProjectConfigurationPlatforms) = postSolution
		{4919398A-7BF6-41D9-950C-5747E35CA4A0}.Debug|Any CPU.ActiveCfg = Debug|Any CPU
		{4919398A-7BF6-41D9-950C-5747E35CA4A0}.Debug|Any CPU.Build.0 = Debug|Any CPU
		{4919398A-7BF6-41D9-950C-5747E35CA4A0}.Release|Any CPU.ActiveCfg = Release|Any CPU
		{4919398A-7BF6-41D9-950C-5747E35CA4A0}.Release|Any CPU.Build.0 = Release|Any CPU
		{EDE8412C-DE87-4473-9049-48B75D7BDA7F}.Debug|Any CPU.ActiveCfg = Debug|Any CPU
		{EDE8412C-DE87-4473-9049-48B75D7BDA7F}.Debug|Any CPU.Build.0 = Debug|Any CPU
		{EDE8412C-DE87-4473-9049-48B75D7BDA7F}.Release|Any CPU.ActiveCfg = Release|Any CPU
		{EDE8412C-DE87-4473-9049-48B75D7BDA7F}.Release|Any CPU.Build.0 = Release|Any CPU
		{8473219F-6403-4A05-B9A2-5D7A52385C61}.Debug|Any CPU.ActiveCfg = Debug|Any CPU
		{8473219F-6403-4A05-B9A2-5D7A52385C61}.Debug|Any CPU.Build.0 = Debug|Any CPU
		{8473219F-6403-4A05-B9A2-5D7A52385C61}.Release|Any CPU.ActiveCfg = Release|Any CPU
		{8473219F-6403-4A05-B9A2-5D7A52385C61}.Release|Any CPU.Build.0 = Release|Any CPU
		{2CE3CB77-CBA7-4C2D-9F6D-E2CB647E2008}.Debug|Any CPU.ActiveCfg = Debug|Any CPU
		{2CE3CB77-CBA7-4C2D-9F6D-E2CB647E2008}.Debug|Any CPU.Build.0 = Debug|Any CPU
		{2CE3CB77-CBA7-4C2D-9F6D-E2CB647E2008}.Release|Any CPU.ActiveCfg = Release|Any CPU
		{2CE3CB77-CBA7-4C2D-9F6D-E2CB647E2008}.Release|Any CPU.Build.0 = Release|Any CPU
		{B6AD4096-BC60-4DF7-9CC0-783F57608D88}.Debug|Any CPU.ActiveCfg = Debug|Any CPU
		{B6AD4096-BC60-4DF7-9CC0-783F57608D88}.Debug|Any CPU.Build.0 = Debug|Any CPU
		{B6AD4096-BC60-4DF7-9CC0-783F57608D88}.Release|Any CPU.ActiveCfg = Release|Any CPU
		{B6AD4096-BC60-4DF7-9CC0-783F57608D88}.Release|Any CPU.Build.0 = Release|Any CPU
		{CD22F4E8-1386-4E7D-B05A-01BEFE7775EF}.Debug|Any CPU.ActiveCfg = Debug|Any CPU
		{CD22F4E8-1386-4E7D-B05A-01BEFE7775EF}.Debug|Any CPU.Build.0 = Debug|Any CPU
		{CD22F4E8-1386-4E7D-B05A-01BEFE7775EF}.Release|Any CPU.ActiveCfg = Release|Any CPU
		{CD22F4E8-1386-4E7D-B05A-01BEFE7775EF}.Release|Any CPU.Build.0 = Release|Any CPU
	EndGlobalSection
EndGlobal
